{
  "name": "cli2",
  "version": "1.0.0",
  "lockfileVersion": 1,
  "requires": true,
  "dependencies": {
    "@types/pixi.js": {
      "version": "4.7.1",
      "resolved": "https://registry.npmjs.org/@types/pixi.js/-/pixi.js-4.7.1.tgz",
      "integrity": "sha512-u9yOee0kJLaEi+PK7Qf1T/q6qulM3WrAF/iqa0h3hyheyAue+wg/LQUeqzh/U79DbB/np7Uh0ToG+ELOnNH2YQ=="
    },
    "png-js": {
      "version": "0.1.1",
      "resolved": "https://registry.npmjs.org/png-js/-/png-js-0.1.1.tgz",
      "integrity": "sha1-HMfCEjA6yr50Jj7DrHgAlYAkLZM="
    }
  }
}
